{
  "name": "track-changes",
  "version": "1.0.0",
  "lockfileVersion": 2,
  "requires": true,
  "packages": {
    "": {
      "name": "track-changes",
      "version": "1.0.0",
      "license": "ISC",
      "dependencies": {
        "deep-diff": "^1.0.2",
        "track-changes-js": "^1.0.7"
      }
    },
    "node_modules/deep-diff": {
      "version": "1.0.2",
      "resolved": "https://registry.npmjs.org/deep-diff/-/deep-diff-1.0.2.tgz",
      "integrity": "sha512-aWS3UIVH+NPGCD1kki+DCU9Dua032iSsO43LqQpcs4R3+dVv7tX0qBGjiVHJHjplsoUM2XRO/KB92glqc68awg=="
    },
    "node_modules/track-changes-js": {
      "version": "1.0.7",
      "resolved": "https://registry.npmjs.org/track-changes-js/-/track-changes-js-1.0.7.tgz",
      "integrity": "sha512-hWmL9i/VYeaoZ406riU9paNDvj0EMoMVuRFXBAmpAoxGY43D9IJdV8FP5szCzD6xix+PJ8+UJyP4PMj/hugkzg=="
    }
  },
  "dependencies": {
    "deep-diff": {
      "version": "1.0.2",
      "resolved": "https://registry.npmjs.org/deep-diff/-/deep-diff-1.0.2.tgz",
      "integrity": "sha512-aWS3UIVH+NPGCD1kki+DCU9Dua032iSsO43LqQpcs4R3+dVv7tX0qBGjiVHJHjplsoUM2XRO/KB92glqc68awg=="
    },
    "track-changes-js": {
      "version": "1.0.7",
      "resolved": "https://registry.npmjs.org/track-changes-js/-/track-changes-js-1.0.7.tgz",
      "integrity": "sha512-hWmL9i/VYeaoZ406riU9paNDvj0EMoMVuRFXBAmpAoxGY43D9IJdV8FP5szCzD6xix+PJ8+UJyP4PMj/hugkzg=="
    }
  }
}
