
Microsoft Visual Studio Solution File, Format Version 12.00
# Visual Studio Version 16
VisualStudioVersion = 16.0.31702.278
MinimumVisualStudioVersion = 10.0.40219.1
Project("{9A19103F-16F7-4668-BE54-9A1E7A4F7556}") = "SampleApp", "SampleApp.csproj", "{A6C1EEF6-8743-4E74-8B84-145C4E07D444}"
EndProject
Global
	GlobalSection(SolutionConfigurationPlatforms) = preSolution
		Debug|Any CPU = Debug|Any CPU
		Release|Any CPU = Release|Any CPU
	EndGlobalSection
	GlobalSection(ProjectConfigurationPlatforms) = postSolution
		{A6C1EEF6-8743-4E74-8B84-145C4E07D444}.Debug|Any CPU.ActiveCfg = Debug|Any CPU
		{A6C1EEF6-8743-4E74-8B84-145C4E07D444}.Debug|Any CPU.Build.0 = Debug|Any CPU
		{A6C1EEF6-8743-4E74-8B84-145C4E07D444}.Release|Any CPU.ActiveCfg = Release|Any CPU
		{A6C1EEF6-8743-4E74-8B84-145C4E07D444}.Release|Any CPU.Build.0 = Release|Any CPU
	EndGlobalSection
	GlobalSection(SolutionProperties) = preSolution
		HideSolutionNode = FALSE
	EndGlobalSection
	GlobalSection(ExtensibilityGlobals) = postSolution
		SolutionGuid = {A490ECF7-02FC-4EE4-AF15-F31CE41EC956}
	EndGlobalSection
EndGlobal
